
Microsoft Visual Studio Solution File, Format Version 11.00
# Visual Studio 2010
Project("{FAE04EC0-301F-11D3-BF4B-00C04F79EFBC}") = "printer_server", "printer_server\printer_server.csproj", "{C896758E-CFC8-49D4-BA7C-71B9A7B50827}"
EndProject
Global
	GlobalSection(SolutionConfigurationPlatforms) = preSolution
		Debug|x86 = Debug|x86
		Release|x86 = Release|x86
	EndGlobalSection
	GlobalSection(ProjectConfigurationPlatforms) = postSolution
		{C896758E-CFC8-49D4-BA7C-71B9A7B50827}.Debug|x86.ActiveCfg = Debug|x86
		{C896758E-CFC8-49D4-BA7C-71B9A7B50827}.Debug|x86.Build.0 = Debug|x86
		{C896758E-CFC8-49D4-BA7C-71B9A7B50827}.Release|x86.ActiveCfg = Release|x86
		{C896758E-CFC8-49D4-BA7C-71B9A7B50827}.Release|x86.Build.0 = Release|x86
	EndGlobalSection
	GlobalSection(SolutionProperties) = preSolution
		HideSolutionNode = FALSE
	EndGlobalSection
EndGlobal
